
Microsoft Visual Studio Solution File, Format Version 10.00
# Visual Studio 2008
Project("{FAE04EC0-301F-11D3-BF4B-00C04F79EFBC}") = "LanguagePatches", "LanguagePatches.csproj", "{ED58EF74-4043-4119-9C6E-B92235FEB2AA}"
EndProject
Global
	GlobalSection(SolutionConfigurationPlatforms) = preSolution
		Debug|Any CPU = Debug|Any CPU
		Release|Any CPU = Release|Any CPU
	EndGlobalSection
	GlobalSection(ProjectConfigurationPlatforms) = postSolution
		{ED58EF74-4043-4119-9C6E-B92235FEB2AA}.Debug|Any CPU.ActiveCfg = Debug|Any CPU
		{ED58EF74-4043-4119-9C6E-B92235FEB2AA}.Debug|Any CPU.Build.0 = Debug|Any CPU
		{ED58EF74-4043-4119-9C6E-B92235FEB2AA}.Release|Any CPU.ActiveCfg = Release|Any CPU
		{ED58EF74-4043-4119-9C6E-B92235FEB2AA}.Release|Any CPU.Build.0 = Release|Any CPU
	EndGlobalSection
	GlobalSection(SolutionProperties) = preSolution
		HideSolutionNode = FALSE
	EndGlobalSection
EndGlobal
